{
  "name": "explore-indonesia-frontend",
  "version": "1.0.0",
  "lockfileVersion": 3,
  "requires": true,
  "packages": {
    "": {
      "name": "explore-indonesia-frontend",
      "version": "1.0.0",
      "license": "ISC",
      "dependencies": {
        "regenerator-runtime": "^0.14.1",
        "require": "^0.4.4"
      }
    },
    "node_modules/regenerator-runtime": {
      "version": "0.14.1",
      "resolved": "https://registry.npmjs.org/regenerator-runtime/-/regenerator-runtime-0.14.1.tgz",
      "integrity": "sha512-dYnhHh0nJoMfnkZs6GmmhFknAGRrLznOu5nc9ML+EJxGvrx6H7teuevqVqCuPcPK//3eDrrjQhehXVx9cnkGdw=="
    },
    "node_modules/require": {
      "version": "0.4.4",
      "resolved": "https://registry.npmjs.org/require/-/require-0.4.4.tgz",
      "integrity": "sha512-aCu6DCnZpKufLPwcXvXVf7rv9gXFojNBQvp/anIBIhTn8XLREnI/WTC4T4WPz4MYKFrRrJ1ocA76pMuH+laaMA==",
      "bin": {
        "require": "bin/require-command.js"
      },
      "engines": {
        "browsers": "*",
        "node": "*"
      }
    }
  }
}
